
Microsoft Visual Studio Solution File, Format Version 12.00
# Visual Studio Version 17
VisualStudioVersion = 17.5.002.0
MinimumVisualStudioVersion = 10.0.40219.1
Project("{9A19103F-16F7-4668-BE54-9A1E7A4F7556}") = "DesafioProjetoHospedagem", "DesafioProjetoHospedagem.csproj", "{C544C568-2C43-426A-89A8-9EC9EB88DAFD}"
EndProject
Global
	GlobalSection(SolutionConfigurationPlatforms) = preSolution
		Debug|Any CPU = Debug|Any CPU
		Release|Any CPU = Release|Any CPU
	EndGlobalSection
	GlobalSection(ProjectConfigurationPlatforms) = postSolution
		{C544C568-2C43-426A-89A8-9EC9EB88DAFD}.Debug|Any CPU.ActiveCfg = Debug|Any CPU
		{C544C568-2C43-426A-89A8-9EC9EB88DAFD}.Debug|Any CPU.Build.0 = Debug|Any CPU
		{C544C568-2C43-426A-89A8-9EC9EB88DAFD}.Release|Any CPU.ActiveCfg = Release|Any CPU
		{C544C568-2C43-426A-89A8-9EC9EB88DAFD}.Release|Any CPU.Build.0 = Release|Any CPU
	EndGlobalSection
	GlobalSection(SolutionProperties) = preSolution
		HideSolutionNode = FALSE
	EndGlobalSection
	GlobalSection(ExtensibilityGlobals) = postSolution
		SolutionGuid = {E3B7C2F1-7B5E-43B8-8DFF-A148193D9022}
	EndGlobalSection
EndGlobal
